
Microsoft Visual Studio Solution File, Format Version 12.00
# Visual Studio Version 17
VisualStudioVersion = 17.5.33424.131
MinimumVisualStudioVersion = 10.0.40219.1
Project("{FAE04EC0-301F-11D3-BF4B-00C04F79EFBC}") = "RabbitMQ.Consumer", "RabbitMQ.Consumer\RabbitMQ.Consumer.csproj", "{262370F7-289D-4D7B-8141-158045B1314D}"
EndProject
Global
	GlobalSection(SolutionConfigurationPlatforms) = preSolution
		Debug|Any CPU = Debug|Any CPU
		Release|Any CPU = Release|Any CPU
	EndGlobalSection
	GlobalSection(ProjectConfigurationPlatforms) = postSolution
		{262370F7-289D-4D7B-8141-158045B1314D}.Debug|Any CPU.ActiveCfg = Debug|Any CPU
		{262370F7-289D-4D7B-8141-158045B1314D}.Debug|Any CPU.Build.0 = Debug|Any CPU
		{262370F7-289D-4D7B-8141-158045B1314D}.Release|Any CPU.ActiveCfg = Release|Any CPU
		{262370F7-289D-4D7B-8141-158045B1314D}.Release|Any CPU.Build.0 = Release|Any CPU
	EndGlobalSection
	GlobalSection(SolutionProperties) = preSolution
		HideSolutionNode = FALSE
	EndGlobalSection
	GlobalSection(ExtensibilityGlobals) = postSolution
		SolutionGuid = {422F2F6B-A311-4342-963E-ABD52702B877}
	EndGlobalSection
EndGlobal
